
Microsoft Visual Studio Solution File, Format Version 12.00
# Visual Studio Version 16
VisualStudioVersion = 16.0.29911.84
MinimumVisualStudioVersion = 10.0.40219.1
Project("{8BC9CEB8-8B4A-11D0-8D11-00A0C91BC942}") = "Gizmos", "Gizmos.vcxproj", "{E1B499CB-D395-4A06-B8A6-F2F1325390BC}"
EndProject
Global
	GlobalSection(SolutionConfigurationPlatforms) = preSolution
		Debug|x64 = Debug|x64
		Debug|x86 = Debug|x86
		Release|x64 = Release|x64
		Release|x86 = Release|x86
	EndGlobalSection
	GlobalSection(ProjectConfigurationPlatforms) = postSolution
		{E1B499CB-D395-4A06-B8A6-F2F1325390BC}.Debug|x64.ActiveCfg = Debug|x64
		{E1B499CB-D395-4A06-B8A6-F2F1325390BC}.Debug|x64.Build.0 = Debug|x64
		{E1B499CB-D395-4A06-B8A6-F2F1325390BC}.Debug|x86.ActiveCfg = Debug|Win32
		{E1B499CB-D395-4A06-B8A6-F2F1325390BC}.Debug|x86.Build.0 = Debug|Win32
		{E1B499CB-D395-4A06-B8A6-F2F1325390BC}.Release|x64.ActiveCfg = Release|x64
		{E1B499CB-D395-4A06-B8A6-F2F1325390BC}.Release|x64.Build.0 = Release|x64
		{E1B499CB-D395-4A06-B8A6-F2F1325390BC}.Release|x86.ActiveCfg = Release|Win32
		{E1B499CB-D395-4A06-B8A6-F2F1325390BC}.Release|x86.Build.0 = Release|Win32
	EndGlobalSection
	GlobalSection(SolutionProperties) = preSolution
		HideSolutionNode = FALSE
	EndGlobalSection
	GlobalSection(ExtensibilityGlobals) = postSolution
		SolutionGuid = {994BC5EE-4CD0-4B59-BF10-6AE82954C9E6}
	EndGlobalSection
EndGlobal
