<?xml version="1.0" encoding="utf-8"?>
<Project ToolsVersion="4.0" xmlns="http://schemas.microsoft.com/developer/msbuild/2003">
  <ItemGroup>
    <Filter Include="Source Files">
      <UniqueIdentifier>{4FC737F1-C7A5-4376-A066-2A32D752A2FF}</UniqueIdentifier>
      <Extensions>cpp;c;cc;cxx;c++;def;odl;idl;hpj;bat;asm;asmx</Extensions>
    </Filter>
    <Filter Include="Header Files">
      <UniqueIdentifier>{93995380-89BD-4b04-88EB-625FBE52EBFB}</UniqueIdentifier>
      <Extensions>h;hh;hpp;hxx;h++;hm;inl;inc;ipp;xsd</Extensions>
    </Filter>
    <Filter Include="Resource Files">
      <UniqueIdentifier>{67DA6AB6-F800-4c08-8B7A-83BB121AAD01}</UniqueIdentifier>
      <Extensions>rc;ico;cur;bmp;dlg;rc2;rct;bin;rgs;gif;jpg;jpeg;jpe;resx;tiff;tif;png;wav;mfcribbon-ms</Extensions>
    </Filter>
    <Filter Include="Header Files\OpenGL33">
      <UniqueIdentifier>{3bd24682-aa15-4b92-8293-331ff4841a6b}</UniqueIdentifier>
    </Filter>
    <Filter Include="Source Files\OpenGL33">
      <UniqueIdentifier>{02e160ce-0983-4c19-9cbe-ab5cbf00fba9}</UniqueIdentifier>
    </Filter>
    <Filter Include="Header Files\Samples">
      <UniqueIdentifier>{d7464977-122a-4d7c-8dc9-017c16c718a3}</UniqueIdentifier>
    </Filter>
  </ItemGroup>
  <ItemGroup>
    <ClInclude Include="Code\IFrameBuffer.h">
      <Filter>Header Files</Filter>
    </ClInclude>
    <ClInclude Include="Code\IGraphicsDevice.h">
      <Filter>Header Files</Filter>
    </ClInclude>
    <ClInclude Include="Code\IRasterState.h">
      <Filter>Header Files</Filter>
    </ClInclude>
    <ClInclude Include="Code\IShader.h">
      <Filter>Header Files</Filter>
    </ClInclude>
    <ClInclude Include="Code\ITexture.h">
      <Filter>Header Files</Filter>
    </ClInclude>
    <ClInclude Include="Code\OpenGL33\OGL33FrameBuffer.h">
      <Filter>Header Files\OpenGL33</Filter>
    </ClInclude>
    <ClInclude Include="Code\OpenGL33\OGL33GraphicsDevice.h">
      <Filter>Header Files\OpenGL33</Filter>
    </ClInclude>
    <ClInclude Include="Code\OpenGL33\OGL33RasterState.h">
      <Filter>Header Files\OpenGL33</Filter>
    </ClInclude>
    <ClInclude Include="Code\OpenGL33\OGL33Shader.h">
      <Filter>Header Files\OpenGL33</Filter>
    </ClInclude>
    <ClInclude Include="Code\OpenGL33\OGL33Texture.h">
      <Filter>Header Files\OpenGL33</Filter>
    </ClInclude>
    <ClInclude Include="Code\Application.h">
      <Filter>Header Files\Samples</Filter>
    </ClInclude>
    <ClInclude Include="Code\glad.h">
      <Filter>Header Files\Samples</Filter>
    </ClInclude>
    <ClInclude Include="Code\khrplatform.h">
      <Filter>Header Files\Samples</Filter>
    </ClInclude>
    <ClInclude Include="Code\ITextureSampler.h">
      <Filter>Header Files</Filter>
    </ClInclude>
    <ClInclude Include="Code\OpenGL33\OGL33VertexBufferView.h">
      <Filter>Header Files\OpenGL33</Filter>
    </ClInclude>
    <ClInclude Include="Code\OpenGL33\OGL33IndexBufferView.h">
      <Filter>Header Files\OpenGL33</Filter>
    </ClInclude>
    <ClInclude Include="Code\OpenGL33\OGL33VertexBufferData.h">
      <Filter>Header Files\OpenGL33</Filter>
    </ClInclude>
    <ClInclude Include="Code\OpenGL33\OGL33Internal.h">
      <Filter>Header Files\OpenGL33</Filter>
    </ClInclude>
    <ClInclude Include="Code\OpenGL33\OGL33IndexBufferData.h">
      <Filter>Header Files\OpenGL33</Filter>
    </ClInclude>
    <ClInclude Include="Code\OpenGL33\OGL33Loader.h">
      <Filter>Header Files\OpenGL33</Filter>
    </ClInclude>
    <ClInclude Include="Code\OpenGL33\OGL33TextureSampler.h">
      <Filter>Header Files\OpenGL33</Filter>
    </ClInclude>
    <ClInclude Include="Code\IShaderAttribute.h">
      <Filter>Header Files</Filter>
    </ClInclude>
    <ClInclude Include="Code\IShaderUniform.h">
      <Filter>Header Files</Filter>
    </ClInclude>
    <ClInclude Include="Code\OpenGL33\OGL33ShaderAttribute.h">
      <Filter>Header Files\OpenGL33</Filter>
    </ClInclude>
    <ClInclude Include="Code\OpenGL33\OGL33ShaderUniform.h">
      <Filter>Header Files\OpenGL33</Filter>
    </ClInclude>
    <ClInclude Include="Code\IBufferData.h">
      <Filter>Header Files</Filter>
    </ClInclude>
    <ClInclude Include="Code\IBufferView.h">
      <Filter>Header Files</Filter>
    </ClInclude>
  </ItemGroup>
  <ItemGroup>
    <ClCompile Include="Code\glad.c">
      <Filter>Source Files</Filter>
    </ClCompile>
    <ClCompile Include="Code\Application.cpp">
      <Filter>Source Files</Filter>
    </ClCompile>
    <ClCompile Include="Code\WinMain.cpp">
      <Filter>Source Files</Filter>
    </ClCompile>
    <ClCompile Include="Code\OpenGL33\OGL33FrameBuffer.cpp">
      <Filter>Source Files\OpenGL33</Filter>
    </ClCompile>
    <ClCompile Include="Code\OpenGL33\OGL33GraphicsDevice.cpp">
      <Filter>Source Files\OpenGL33</Filter>
    </ClCompile>
    <ClCompile Include="Code\OpenGL33\OGL33RasterState.cpp">
      <Filter>Source Files\OpenGL33</Filter>
    </ClCompile>
    <ClCompile Include="Code\OpenGL33\OGL33Shader.cpp">
      <Filter>Source Files\OpenGL33</Filter>
    </ClCompile>
    <ClCompile Include="Code\OpenGL33\OGL33Texture.cpp">
      <Filter>Source Files\OpenGL33</Filter>
    </ClCompile>
    <ClCompile Include="Code\OpenGL33\OGL33VertexBufferData.cpp">
      <Filter>Source Files\OpenGL33</Filter>
    </ClCompile>
    <ClCompile Include="Code\OpenGL33\OGL33VertexBufferView.cpp">
      <Filter>Source Files\OpenGL33</Filter>
    </ClCompile>
    <ClCompile Include="Code\OpenGL33\OGL33IndexBufferData.cpp">
      <Filter>Source Files\OpenGL33</Filter>
    </ClCompile>
    <ClCompile Include="Code\OpenGL33\OGL33IndexBufferView.cpp">
      <Filter>Source Files\OpenGL33</Filter>
    </ClCompile>
    <ClCompile Include="Code\OpenGL33\OGL33TextureSampler.cpp">
      <Filter>Source Files\OpenGL33</Filter>
    </ClCompile>
    <ClCompile Include="Code\OpenGL33\OGL33ShaderAttribute.cpp">
      <Filter>Source Files\OpenGL33</Filter>
    </ClCompile>
    <ClCompile Include="Code\OpenGL33\OGL33ShaderUniform.cpp">
      <Filter>Source Files\OpenGL33</Filter>
    </ClCompile>
  </ItemGroup>
</Project>