<?xml version="1.0" encoding="utf-8"?>
<Project ToolsVersion="4.0" xmlns="http://schemas.microsoft.com/developer/msbuild/2003">
  <ItemGroup>
    <Filter Include="Source Files">
      <UniqueIdentifier>{4FC737F1-C7A5-4376-A066-2A32D752A2FF}</UniqueIdentifier>
      <Extensions>cpp;c;cc;cxx;c++;def;odl;idl;hpj;bat;asm;asmx</Extensions>
    </Filter>
    <Filter Include="Header Files">
      <UniqueIdentifier>{93995380-89BD-4b04-88EB-625FBE52EBFB}</UniqueIdentifier>
      <Extensions>h;hh;hpp;hxx;h++;hm;inl;inc;ipp;xsd</Extensions>
    </Filter>
    <Filter Include="Resource Files">
      <UniqueIdentifier>{67DA6AB6-F800-4c08-8B7A-83BB121AAD01}</UniqueIdentifier>
      <Extensions>rc;ico;cur;bmp;dlg;rc2;rct;bin;rgs;gif;jpg;jpeg;jpe;resx;tiff;tif;png;wav;mfcribbon-ms</Extensions>
    </Filter>
    <Filter Include="Header Files\Controls">
      <UniqueIdentifier>{ead658a7-f0d0-4c34-8209-e5666fec7f8b}</UniqueIdentifier>
    </Filter>
    <Filter Include="Source Files\Controls">
      <UniqueIdentifier>{0e1b3c26-a1e8-41a3-a61d-3ccc61892bc1}</UniqueIdentifier>
    </Filter>
    <Filter Include="Header Files\Skins">
      <UniqueIdentifier>{d741b952-cc38-409c-9d0d-0bc0779be15b}</UniqueIdentifier>
    </Filter>
    <Filter Include="Source Files\Skins">
      <UniqueIdentifier>{75a63452-b644-4a5f-8656-94d9ebb56b54}</UniqueIdentifier>
    </Filter>
  </ItemGroup>
  <ItemGroup>
    <ClInclude Include="Code\Rect.h">
      <Filter>Header Files</Filter>
    </ClInclude>
    <ClInclude Include="Code\Renderer.h">
      <Filter>Header Files</Filter>
    </ClInclude>
    <ClInclude Include="Code\Control.h">
      <Filter>Header Files</Filter>
    </ClInclude>
    <ClInclude Include="Code\Skins\ClassicSkin.h">
      <Filter>Header Files\Skins</Filter>
    </ClInclude>
    <ClInclude Include="Code\Skin.h">
      <Filter>Header Files</Filter>
    </ClInclude>
    <ClInclude Include="Code\Controls\Panel.h">
      <Filter>Header Files\Controls</Filter>
    </ClInclude>
  </ItemGroup>
  <ItemGroup>
    <ClCompile Include="Code\WinMain.cpp">
      <Filter>Source Files</Filter>
    </ClCompile>
    <ClCompile Include="Code\Control.cpp">
      <Filter>Source Files</Filter>
    </ClCompile>
    <ClCompile Include="Code\Rect.cpp">
      <Filter>Source Files</Filter>
    </ClCompile>
    <ClCompile Include="Code\Renderer.cpp">
      <Filter>Source Files</Filter>
    </ClCompile>
    <ClCompile Include="Code\Skins\ClassicSkin.cpp">
      <Filter>Source Files\Skins</Filter>
    </ClCompile>
    <ClCompile Include="Code\Skin.cpp">
      <Filter>Source Files</Filter>
    </ClCompile>
    <ClCompile Include="Code\Controls\Panel.cpp">
      <Filter>Source Files\Controls</Filter>
    </ClCompile>
  </ItemGroup>
</Project>